
Microsoft Visual Studio Solution File, Format Version 12.00
# Visual Studio 14
VisualStudioVersion = 14.0.23107.0
MinimumVisualStudioVersion = 10.0.40219.1
Project("{FAE04EC0-301F-11D3-BF4B-00C04F79EFBC}") = "MvcPrototype", "MvcPrototype\MvcPrototype.csproj", "{AC88984D-34C2-47FE-B060-65277466D375}"
EndProject
Project("{FAE04EC0-301F-11D3-BF4B-00C04F79EFBC}") = "MvcPrototype.Controllers", "MvcPrototype.Controllers\MvcPrototype.Controllers.csproj", "{04D444DC-B0B0-492B-BF97-1FA43AF3FB15}"
EndProject
Project("{FAE04EC0-301F-11D3-BF4B-00C04F79EFBC}") = "MvcPrototype.Models", "MvcPrototype.Models\MvcPrototype.Models.csproj", "{CC07B7B7-1DF4-49B2-A390-D4A0723A4224}"
EndProject
Project("{FAE04EC0-301F-11D3-BF4B-00C04F79EFBC}") = "MvcPrototype.DAL.Interfaces", "MvcPrototype.DAL.Interfaces\MvcPrototype.DAL.Interfaces.csproj", "{EFB1C64F-9B17-4465-BD77-579546A7DF6D}"
EndProject
Project("{FAE04EC0-301F-11D3-BF4B-00C04F79EFBC}") = "MvcPrototype.DAL", "MvcPrototype.DAL\MvcPrototype.DAL.csproj", "{0487E557-3FE3-4983-BD19-CF34CE531EE3}"
EndProject
Project("{FAE04EC0-301F-11D3-BF4B-00C04F79EFBC}") = "MvcPrototype.DAL.Tests", "MvcPrototype.DAL.Tests\MvcPrototype.DAL.Tests.csproj", "{55FAEA19-4E51-41EB-B69B-D54E4C2E7250}"
EndProject
Global
	GlobalSection(SolutionConfigurationPlatforms) = preSolution
		Debug|Any CPU = Debug|Any CPU
		Release|Any CPU = Release|Any CPU
	EndGlobalSection
	GlobalSection(ProjectConfigurationPlatforms) = postSolution
		{AC88984D-34C2-47FE-B060-65277466D375}.Debug|Any CPU.ActiveCfg = Debug|Any CPU
		{AC88984D-34C2-47FE-B060-65277466D375}.Debug|Any CPU.Build.0 = Debug|Any CPU
		{AC88984D-34C2-47FE-B060-65277466D375}.Release|Any CPU.ActiveCfg = Release|Any CPU
		{AC88984D-34C2-47FE-B060-65277466D375}.Release|Any CPU.Build.0 = Release|Any CPU
		{04D444DC-B0B0-492B-BF97-1FA43AF3FB15}.Debug|Any CPU.ActiveCfg = Debug|Any CPU
		{04D444DC-B0B0-492B-BF97-1FA43AF3FB15}.Debug|Any CPU.Build.0 = Debug|Any CPU
		{04D444DC-B0B0-492B-BF97-1FA43AF3FB15}.Release|Any CPU.ActiveCfg = Release|Any CPU
		{04D444DC-B0B0-492B-BF97-1FA43AF3FB15}.Release|Any CPU.Build.0 = Release|Any CPU
		{CC07B7B7-1DF4-49B2-A390-D4A0723A4224}.Debug|Any CPU.ActiveCfg = Debug|Any CPU
		{CC07B7B7-1DF4-49B2-A390-D4A0723A4224}.Debug|Any CPU.Build.0 = Debug|Any CPU
		{CC07B7B7-1DF4-49B2-A390-D4A0723A4224}.Release|Any CPU.ActiveCfg = Release|Any CPU
		{CC07B7B7-1DF4-49B2-A390-D4A0723A4224}.Release|Any CPU.Build.0 = Release|Any CPU
		{EFB1C64F-9B17-4465-BD77-579546A7DF6D}.Debug|Any CPU.ActiveCfg = Debug|Any CPU
		{EFB1C64F-9B17-4465-BD77-579546A7DF6D}.Debug|Any CPU.Build.0 = Debug|Any CPU
		{EFB1C64F-9B17-4465-BD77-579546A7DF6D}.Release|Any CPU.ActiveCfg = Release|Any CPU
		{EFB1C64F-9B17-4465-BD77-579546A7DF6D}.Release|Any CPU.Build.0 = Release|Any CPU
		{0487E557-3FE3-4983-BD19-CF34CE531EE3}.Debug|Any CPU.ActiveCfg = Debug|Any CPU
		{0487E557-3FE3-4983-BD19-CF34CE531EE3}.Debug|Any CPU.Build.0 = Debug|Any CPU
		{0487E557-3FE3-4983-BD19-CF34CE531EE3}.Release|Any CPU.ActiveCfg = Release|Any CPU
		{0487E557-3FE3-4983-BD19-CF34CE531EE3}.Release|Any CPU.Build.0 = Release|Any CPU
		{55FAEA19-4E51-41EB-B69B-D54E4C2E7250}.Debug|Any CPU.ActiveCfg = Debug|Any CPU
		{55FAEA19-4E51-41EB-B69B-D54E4C2E7250}.Debug|Any CPU.Build.0 = Debug|Any CPU
		{55FAEA19-4E51-41EB-B69B-D54E4C2E7250}.Release|Any CPU.ActiveCfg = Release|Any CPU
		{55FAEA19-4E51-41EB-B69B-D54E4C2E7250}.Release|Any CPU.Build.0 = Release|Any CPU
	EndGlobalSection
	GlobalSection(SolutionProperties) = preSolution
		HideSolutionNode = FALSE
	EndGlobalSection
EndGlobal
